
Microsoft Visual Studio Solution File, Format Version 12.00
# Visual Studio Version 17
VisualStudioVersion = 17.8.34330.188
MinimumVisualStudioVersion = 10.0.40219.1
Project("{FAE04EC0-301F-11D3-BF4B-00C04F79EFBC}") = "array", "array.csproj", "{9B144441-CA17-45BD-801A-D3077A9DB955}"
EndProject
Global
	GlobalSection(SolutionConfigurationPlatforms) = preSolution
		Debug|Any CPU = Debug|Any CPU
		Release|Any CPU = Release|Any CPU
	EndGlobalSection
	GlobalSection(ProjectConfigurationPlatforms) = postSolution
		{9B144441-CA17-45BD-801A-D3077A9DB955}.Debug|Any CPU.ActiveCfg = Debug|Any CPU
		{9B144441-CA17-45BD-801A-D3077A9DB955}.Debug|Any CPU.Build.0 = Debug|Any CPU
		{9B144441-CA17-45BD-801A-D3077A9DB955}.Release|Any CPU.ActiveCfg = Release|Any CPU
		{9B144441-CA17-45BD-801A-D3077A9DB955}.Release|Any CPU.Build.0 = Release|Any CPU
	EndGlobalSection
	GlobalSection(SolutionProperties) = preSolution
		HideSolutionNode = FALSE
	EndGlobalSection
	GlobalSection(ExtensibilityGlobals) = postSolution
		SolutionGuid = {FD815B51-3B76-4AA6-93CF-B0E7D546B137}
	EndGlobalSection
EndGlobal
