
Microsoft Visual Studio Solution File, Format Version 12.00
# Visual Studio Version 17
VisualStudioVersion = 17.8.34330.188
MinimumVisualStudioVersion = 10.0.40219.1
Project("{FAE04EC0-301F-11D3-BF4B-00C04F79EFBC}") = "outandrefer", "outandrefer.csproj", "{74F2D3E2-A697-41B2-9E2F-B4DDF082C732}"
EndProject
Global
	GlobalSection(SolutionConfigurationPlatforms) = preSolution
		Debug|Any CPU = Debug|Any CPU
		Release|Any CPU = Release|Any CPU
	EndGlobalSection
	GlobalSection(ProjectConfigurationPlatforms) = postSolution
		{74F2D3E2-A697-41B2-9E2F-B4DDF082C732}.Debug|Any CPU.ActiveCfg = Debug|Any CPU
		{74F2D3E2-A697-41B2-9E2F-B4DDF082C732}.Debug|Any CPU.Build.0 = Debug|Any CPU
		{74F2D3E2-A697-41B2-9E2F-B4DDF082C732}.Release|Any CPU.ActiveCfg = Release|Any CPU
		{74F2D3E2-A697-41B2-9E2F-B4DDF082C732}.Release|Any CPU.Build.0 = Release|Any CPU
	EndGlobalSection
	GlobalSection(SolutionProperties) = preSolution
		HideSolutionNode = FALSE
	EndGlobalSection
	GlobalSection(ExtensibilityGlobals) = postSolution
		SolutionGuid = {F29469A3-83E0-4F6F-8E9A-AF56C6960B6A}
	EndGlobalSection
EndGlobal
