
Microsoft Visual Studio Solution File, Format Version 12.00
# Visual Studio Version 17
VisualStudioVersion = 17.8.34330.188
MinimumVisualStudioVersion = 10.0.40219.1
Project("{FAE04EC0-301F-11D3-BF4B-00C04F79EFBC}") = "stringbuild", "stringbuild.csproj", "{DD074604-E01F-4A40-B385-4E7A30418BE3}"
EndProject
Global
	GlobalSection(SolutionConfigurationPlatforms) = preSolution
		Debug|Any CPU = Debug|Any CPU
		Release|Any CPU = Release|Any CPU
	EndGlobalSection
	GlobalSection(ProjectConfigurationPlatforms) = postSolution
		{DD074604-E01F-4A40-B385-4E7A30418BE3}.Debug|Any CPU.ActiveCfg = Debug|Any CPU
		{DD074604-E01F-4A40-B385-4E7A30418BE3}.Debug|Any CPU.Build.0 = Debug|Any CPU
		{DD074604-E01F-4A40-B385-4E7A30418BE3}.Release|Any CPU.ActiveCfg = Release|Any CPU
		{DD074604-E01F-4A40-B385-4E7A30418BE3}.Release|Any CPU.Build.0 = Release|Any CPU
	EndGlobalSection
	GlobalSection(SolutionProperties) = preSolution
		HideSolutionNode = FALSE
	EndGlobalSection
	GlobalSection(ExtensibilityGlobals) = postSolution
		SolutionGuid = {AA83174C-725F-4B2C-9B15-00AA655A33AB}
	EndGlobalSection
EndGlobal
